// !$*UTF8*$!
{
	archiveVersion = 1;
	classes = {
	};
	objectVersion = 56;
	objects = {

/* Begin PBXBuildFile section */
		0D4CB09296ED2340C38736D4 /* Foundation.framework in Frameworks */ = {isa = PBXBuildFile; fileRef = A5856908E55AC68E7DDE7106 /* Foundation.framework */; };
		21E567374285DF152843CA89 /* StoreKitManager.swift in Sources */ = {isa = PBXBuildFile; fileRef = 1508E70DA0E9B06DAE605897 /* StoreKitManager.swift */; };
		33BDE43328D166E2BB0A38EC /* TeamDetailView.swift in Sources */ = {isa = PBXBuildFile; fileRef = 3AFBC482F2D7707CFADD5A2C /* TeamDetailView.swift */; };
		3DC4BC69AB98E397DD1F9970 /* WidgetKit.framework in Frameworks */ = {isa = PBXBuildFile; fileRef = 4F041C9F8234BBB4C3593CB8 /* WidgetKit.framework */; };
		7A1DD61A45033D49067CA3E3 /* BoxBoxWidgetBundle.swift in Sources */ = {isa = PBXBuildFile; fileRef = 9FC0810A95EFBD26870CA7B3 /* BoxBoxWidgetBundle.swift */; };
		8341330D724CA51259D09A5E /* BoxBoxWidgetExtension.appex in Embed App Extensions */ = {isa = PBXBuildFile; fileRef = CDF38FFC44E0E85C42316A44 /* BoxBoxWidgetExtension.appex */; settings = {ATTRIBUTES = (RemoveHeadersOnCopy, ); }; };
		8979B858BFC10EA711997E01 /* PaywallView.swift in Sources */ = {isa = PBXBuildFile; fileRef = 93F95989627549CD3CC318DB /* PaywallView.swift */; };
		99E2F004A02B90ED1CD25438 /* StandingsWidget.swift in Sources */ = {isa = PBXBuildFile; fileRef = 86FB8E3EF96A3DB37D3B65D5 /* StandingsWidget.swift */; };
		A1B2C3D401000001 /* BoxBoxApp.swift in Sources */ = {isa = PBXBuildFile; fileRef = A1B2C3D400000001 /* BoxBoxApp.swift */; };
		A1B2C3D401000002 /* ContentView.swift in Sources */ = {isa = PBXBuildFile; fileRef = A1B2C3D400000002 /* ContentView.swift */; };
		A1B2C3D401000003 /* Assets.xcassets in Resources */ = {isa = PBXBuildFile; fileRef = A1B2C3D400000003 /* Assets.xcassets */; };
		A1B2C3D401000004 /* Constructor.swift in Sources */ = {isa = PBXBuildFile; fileRef = A1B2C3D400000004 /* Constructor.swift */; };
		A1B2C3D401000005 /* Driver.swift in Sources */ = {isa = PBXBuildFile; fileRef = A1B2C3D400000005 /* Driver.swift */; };
		A1B2C3D401000006 /* Prediction.swift in Sources */ = {isa = PBXBuildFile; fileRef = A1B2C3D400000006 /* Prediction.swift */; };
		A1B2C3D401000007 /* Race.swift in Sources */ = {isa = PBXBuildFile; fileRef = A1B2C3D400000007 /* Race.swift */; };
		A1B2C3D401000008 /* AIService.swift in Sources */ = {isa = PBXBuildFile; fileRef = A1B2C3D400000008 /* AIService.swift */; };
		A1B2C3D401000009 /* OpenF1Service.swift in Sources */ = {isa = PBXBuildFile; fileRef = A1B2C3D400000009 /* OpenF1Service.swift */; };
		A1B2C3D40100000A /* DriversViewModel.swift in Sources */ = {isa = PBXBuildFile; fileRef = A1B2C3D40000000A /* DriversViewModel.swift */; };
		A1B2C3D40100000B /* HomeViewModel.swift in Sources */ = {isa = PBXBuildFile; fileRef = A1B2C3D40000000B /* HomeViewModel.swift */; };
		A1B2C3D40100000C /* PredictViewModel.swift in Sources */ = {isa = PBXBuildFile; fileRef = A1B2C3D40000000C /* PredictViewModel.swift */; };
		A1B2C3D40100000D /* ScheduleViewModel.swift in Sources */ = {isa = PBXBuildFile; fileRef = A1B2C3D40000000D /* ScheduleViewModel.swift */; };
		A1B2C3D40100000E /* StandingsViewModel.swift in Sources */ = {isa = PBXBuildFile; fileRef = A1B2C3D40000000E /* StandingsViewModel.swift */; };
		A1B2C3D40100000F /* DriversView.swift in Sources */ = {isa = PBXBuildFile; fileRef = A1B2C3D40000000F /* DriversView.swift */; };
		A1B2C3D401000010 /* HomeView.swift in Sources */ = {isa = PBXBuildFile; fileRef = A1B2C3D400000010 /* HomeView.swift */; };
		A1B2C3D401000011 /* PredictView.swift in Sources */ = {isa = PBXBuildFile; fileRef = A1B2C3D400000011 /* PredictView.swift */; };
		A1B2C3D401000012 /* ScheduleView.swift in Sources */ = {isa = PBXBuildFile; fileRef = A1B2C3D400000012 /* ScheduleView.swift */; };
		A1B2C3D401000013 /* StandingsView.swift in Sources */ = {isa = PBXBuildFile; fileRef = A1B2C3D400000013 /* StandingsView.swift */; };
		A1B2C3D401000020 /* SwiftData.framework in Frameworks */ = {isa = PBXBuildFile; fileRef = A1B2C3D400000020 /* SwiftData.framework */; };
		A1B2C3D401000030 /* DriverDetailView.swift in Sources */ = {isa = PBXBuildFile; fileRef = A1B2C3D400000030 /* DriverDetailView.swift */; };
		A1B2C3D401000031 /* RaceDetailView.swift in Sources */ = {isa = PBXBuildFile; fileRef = A1B2C3D400000031 /* RaceDetailView.swift */; };
		A1B2C3D401000032 /* DriverStandingDetailView.swift in Sources */ = {isa = PBXBuildFile; fileRef = A1B2C3D400000032 /* DriverStandingDetailView.swift */; };
		A1B2C3D401000033 /* DriverDetailViewModel.swift in Sources */ = {isa = PBXBuildFile; fileRef = A1B2C3D400000033 /* DriverDetailViewModel.swift */; };
		A1B2C3D401000034 /* RaceDetailViewModel.swift in Sources */ = {isa = PBXBuildFile; fileRef = A1B2C3D400000034 /* RaceDetailViewModel.swift */; };
		A1B2C3D401000035 /* DriverStandingDetailViewModel.swift in Sources */ = {isa = PBXBuildFile; fileRef = A1B2C3D400000035 /* DriverStandingDetailViewModel.swift */; };
		A1B2C3D401000036 /* DesignSystem.swift in Sources */ = {isa = PBXBuildFile; fileRef = A1B2C3D400000036 /* DesignSystem.swift */; };
		BD6DAA42D662BA4ED3BE7B65 /* TeamDetailViewModel.swift in Sources */ = {isa = PBXBuildFile; fileRef = 76CEFBDE356549A61B42D5C6 /* TeamDetailViewModel.swift */; };
		BFBECDD5325F9A63E6456812 /* SwiftUI.framework in Frameworks */ = {isa = PBXBuildFile; fileRef = AC42CA8437C937C1A1704BDF /* SwiftUI.framework */; };
		F7598994CDA8645D57B9E7E7 /* NextRaceWidget.swift in Sources */ = {isa = PBXBuildFile; fileRef = E0BB7F7338ADE1257CC49FB7 /* NextRaceWidget.swift */; };
/* End PBXBuildFile section */

/* Begin PBXContainerItemProxy section */
		5BC77C0A08A76425F91EEB19 /* PBXContainerItemProxy */ = {
			isa = PBXContainerItemProxy;
			containerPortal = A1B2C3D4A0000001 /* Project object */;
			proxyType = 1;
			remoteGlobalIDString = 9270B742AF946322FF62C8AB;
			remoteInfo = BoxBoxWidgetExtension;
		};
/* End PBXContainerItemProxy section */

/* Begin PBXCopyFilesBuildPhase section */
		68E2D6280F4C9A17D9BF5324 /* Embed App Extensions */ = {
			isa = PBXCopyFilesBuildPhase;
			buildActionMask = 2147483647;
			dstPath = "";
			dstSubfolderSpec = 13;
			files = (
				8341330D724CA51259D09A5E /* BoxBoxWidgetExtension.appex in Embed App Extensions */,
			);
			name = "Embed App Extensions";
			runOnlyForDeploymentPostprocessing = 0;
		};
/* End PBXCopyFilesBuildPhase section */

/* Begin PBXFileReference section */
		1508E70DA0E9B06DAE605897 /* StoreKitManager.swift */ = {isa = PBXFileReference; includeInIndex = 1; lastKnownFileType = sourcecode.swift; name = StoreKitManager.swift; path = BoxBox/Services/StoreKitManager.swift; sourceTree = "<group>"; };
		3AFBC482F2D7707CFADD5A2C /* TeamDetailView.swift */ = {isa = PBXFileReference; includeInIndex = 1; lastKnownFileType = sourcecode.swift; path = TeamDetailView.swift; sourceTree = "<group>"; };
		4F041C9F8234BBB4C3593CB8 /* WidgetKit.framework */ = {isa = PBXFileReference; lastKnownFileType = wrapper.framework; name = WidgetKit.framework; path = Platforms/iPhoneOS.platform/Developer/SDKs/iPhoneOS18.0.sdk/System/Library/Frameworks/WidgetKit.framework; sourceTree = DEVELOPER_DIR; };
		76CEFBDE356549A61B42D5C6 /* TeamDetailViewModel.swift */ = {isa = PBXFileReference; includeInIndex = 1; lastKnownFileType = sourcecode.swift; path = TeamDetailViewModel.swift; sourceTree = "<group>"; };
		86FB8E3EF96A3DB37D3B65D5 /* StandingsWidget.swift */ = {isa = PBXFileReference; includeInIndex = 1; lastKnownFileType = sourcecode.swift; name = StandingsWidget.swift; path = BoxBoxWidget/StandingsWidget.swift; sourceTree = "<group>"; };
		93F95989627549CD3CC318DB /* PaywallView.swift */ = {isa = PBXFileReference; includeInIndex = 1; lastKnownFileType = sourcecode.swift; name = PaywallView.swift; path = BoxBox/Views/Predict/PaywallView.swift; sourceTree = "<group>"; };
		9FC0810A95EFBD26870CA7B3 /* BoxBoxWidgetBundle.swift */ = {isa = PBXFileReference; includeInIndex = 1; lastKnownFileType = sourcecode.swift; name = BoxBoxWidgetBundle.swift; path = BoxBoxWidget/BoxBoxWidgetBundle.swift; sourceTree = "<group>"; };
		A1B2C3D400000001 /* BoxBoxApp.swift */ = {isa = PBXFileReference; lastKnownFileType = sourcecode.swift; path = BoxBoxApp.swift; sourceTree = "<group>"; };
		A1B2C3D400000002 /* ContentView.swift */ = {isa = PBXFileReference; lastKnownFileType = sourcecode.swift; path = ContentView.swift; sourceTree = "<group>"; };
		A1B2C3D400000003 /* Assets.xcassets */ = {isa = PBXFileReference; lastKnownFileType = folder.assetcatalog; path = Assets.xcassets; sourceTree = "<group>"; };
		A1B2C3D400000004 /* Constructor.swift */ = {isa = PBXFileReference; lastKnownFileType = sourcecode.swift; path = Constructor.swift; sourceTree = "<group>"; };
		A1B2C3D400000005 /* Driver.swift */ = {isa = PBXFileReference; lastKnownFileType = sourcecode.swift; path = Driver.swift; sourceTree = "<group>"; };
		A1B2C3D400000006 /* Prediction.swift */ = {isa = PBXFileReference; lastKnownFileType = sourcecode.swift; path = Prediction.swift; sourceTree = "<group>"; };
		A1B2C3D400000007 /* Race.swift */ = {isa = PBXFileReference; lastKnownFileType = sourcecode.swift; path = Race.swift; sourceTree = "<group>"; };
		A1B2C3D400000008 /* AIService.swift */ = {isa = PBXFileReference; lastKnownFileType = sourcecode.swift; path = AIService.swift; sourceTree = "<group>"; };
		A1B2C3D400000009 /* OpenF1Service.swift */ = {isa = PBXFileReference; lastKnownFileType = sourcecode.swift; path = OpenF1Service.swift; sourceTree = "<group>"; };
		A1B2C3D40000000A /* DriversViewModel.swift */ = {isa = PBXFileReference; lastKnownFileType = sourcecode.swift; path = DriversViewModel.swift; sourceTree = "<group>"; };
		A1B2C3D40000000B /* HomeViewModel.swift */ = {isa = PBXFileReference; lastKnownFileType = sourcecode.swift; path = HomeViewModel.swift; sourceTree = "<group>"; };
		A1B2C3D40000000C /* PredictViewModel.swift */ = {isa = PBXFileReference; lastKnownFileType = sourcecode.swift; path = PredictViewModel.swift; sourceTree = "<group>"; };
		A1B2C3D40000000D /* ScheduleViewModel.swift */ = {isa = PBXFileReference; lastKnownFileType = sourcecode.swift; path = ScheduleViewModel.swift; sourceTree = "<group>"; };
		A1B2C3D40000000E /* StandingsViewModel.swift */ = {isa = PBXFileReference; lastKnownFileType = sourcecode.swift; path = StandingsViewModel.swift; sourceTree = "<group>"; };
		A1B2C3D40000000F /* DriversView.swift */ = {isa = PBXFileReference; lastKnownFileType = sourcecode.swift; path = DriversView.swift; sourceTree = "<group>"; };
		A1B2C3D400000010 /* HomeView.swift */ = {isa = PBXFileReference; lastKnownFileType = sourcecode.swift; path = HomeView.swift; sourceTree = "<group>"; };
		A1B2C3D400000011 /* PredictView.swift */ = {isa = PBXFileReference; lastKnownFileType = sourcecode.swift; path = PredictView.swift; sourceTree = "<group>"; };
		A1B2C3D400000012 /* ScheduleView.swift */ = {isa = PBXFileReference; lastKnownFileType = sourcecode.swift; path = ScheduleView.swift; sourceTree = "<group>"; };
		A1B2C3D400000013 /* StandingsView.swift */ = {isa = PBXFileReference; lastKnownFileType = sourcecode.swift; path = StandingsView.swift; sourceTree = "<group>"; };
		A1B2C3D400000014 /* Info.plist */ = {isa = PBXFileReference; lastKnownFileType = text.plist.xml; path = Info.plist; sourceTree = "<group>"; };
		A1B2C3D400000020 /* SwiftData.framework */ = {isa = PBXFileReference; lastKnownFileType = wrapper.framework; name = SwiftData.framework; path = System/Library/Frameworks/SwiftData.framework; sourceTree = SDKROOT; };
		A1B2C3D400000030 /* DriverDetailView.swift */ = {isa = PBXFileReference; lastKnownFileType = sourcecode.swift; path = DriverDetailView.swift; sourceTree = "<group>"; };
		A1B2C3D400000031 /* RaceDetailView.swift */ = {isa = PBXFileReference; lastKnownFileType = sourcecode.swift; path = RaceDetailView.swift; sourceTree = "<group>"; };
		A1B2C3D400000032 /* DriverStandingDetailView.swift */ = {isa = PBXFileReference; lastKnownFileType = sourcecode.swift; path = DriverStandingDetailView.swift; sourceTree = "<group>"; };
		A1B2C3D400000033 /* DriverDetailViewModel.swift */ = {isa = PBXFileReference; lastKnownFileType = sourcecode.swift; path = DriverDetailViewModel.swift; sourceTree = "<group>"; };
		A1B2C3D400000034 /* RaceDetailViewModel.swift */ = {isa = PBXFileReference; lastKnownFileType = sourcecode.swift; path = RaceDetailViewModel.swift; sourceTree = "<group>"; };
		A1B2C3D400000035 /* DriverStandingDetailViewModel.swift */ = {isa = PBXFileReference; lastKnownFileType = sourcecode.swift; path = DriverStandingDetailViewModel.swift; sourceTree = "<group>"; };
		A1B2C3D400000036 /* DesignSystem.swift */ = {isa = PBXFileReference; lastKnownFileType = sourcecode.swift; path = DesignSystem.swift; sourceTree = "<group>"; };
		A1B2C3D4F0000001 /* BoxBox.app */ = {isa = PBXFileReference; explicitFileType = wrapper.application; includeInIndex = 0; path = BoxBox.app; sourceTree = BUILT_PRODUCTS_DIR; };
		A5416964D16F05B9E87671FE /* Info.plist */ = {isa = PBXFileReference; includeInIndex = 1; lastKnownFileType = text.plist.xml; name = Info.plist; path = BoxBoxWidget/Info.plist; sourceTree = "<group>"; };
		A5856908E55AC68E7DDE7106 /* Foundation.framework */ = {isa = PBXFileReference; lastKnownFileType = wrapper.framework; name = Foundation.framework; path = Platforms/iPhoneOS.platform/Developer/SDKs/iPhoneOS18.0.sdk/System/Library/Frameworks/Foundation.framework; sourceTree = DEVELOPER_DIR; };
		AC42CA8437C937C1A1704BDF /* SwiftUI.framework */ = {isa = PBXFileReference; lastKnownFileType = wrapper.framework; name = SwiftUI.framework; path = Platforms/iPhoneOS.platform/Developer/SDKs/iPhoneOS18.0.sdk/System/Library/Frameworks/SwiftUI.framework; sourceTree = DEVELOPER_DIR; };
		CDF38FFC44E0E85C42316A44 /* BoxBoxWidgetExtension.appex */ = {isa = PBXFileReference; explicitFileType = "wrapper.app-extension"; includeInIndex = 0; path = BoxBoxWidgetExtension.appex; sourceTree = BUILT_PRODUCTS_DIR; };
		E0BB7F7338ADE1257CC49FB7 /* NextRaceWidget.swift */ = {isa = PBXFileReference; includeInIndex = 1; lastKnownFileType = sourcecode.swift; name = NextRaceWidget.swift; path = BoxBoxWidget/NextRaceWidget.swift; sourceTree = "<group>"; };
/* End PBXFileReference section */

/* Begin PBXFrameworksBuildPhase section */
		6820BAA58FD18A490FDC24BD /* Frameworks */ = {
			isa = PBXFrameworksBuildPhase;
			buildActionMask = 2147483647;
			files = (
				0D4CB09296ED2340C38736D4 /* Foundation.framework in Frameworks */,
				3DC4BC69AB98E397DD1F9970 /* WidgetKit.framework in Frameworks */,
				BFBECDD5325F9A63E6456812 /* SwiftUI.framework in Frameworks */,
			);
			runOnlyForDeploymentPostprocessing = 0;
		};
		A1B2C3D4E0000001 /* Frameworks */ = {
			isa = PBXFrameworksBuildPhase;
			buildActionMask = 2147483647;
			files = (
				A1B2C3D401000020 /* SwiftData.framework in Frameworks */,
			);
			runOnlyForDeploymentPostprocessing = 0;
		};
/* End PBXFrameworksBuildPhase section */

/* Begin PBXGroup section */
		29F110A43D226ECFE9468ED1 /* iOS */ = {
			isa = PBXGroup;
			children = (
				A5856908E55AC68E7DDE7106 /* Foundation.framework */,
				4F041C9F8234BBB4C3593CB8 /* WidgetKit.framework */,
				AC42CA8437C937C1A1704BDF /* SwiftUI.framework */,
			);
			name = iOS;
			sourceTree = "<group>";
		};
		3195B2B5B9F05AC175633112 /* BoxBoxWidget */ = {
			isa = PBXGroup;
			children = (
				9FC0810A95EFBD26870CA7B3 /* BoxBoxWidgetBundle.swift */,
				E0BB7F7338ADE1257CC49FB7 /* NextRaceWidget.swift */,
				86FB8E3EF96A3DB37D3B65D5 /* StandingsWidget.swift */,
				A5416964D16F05B9E87671FE /* Info.plist */,
			);
			name = BoxBoxWidget;
			path = BoxBoxWidget;
			sourceTree = "<group>";
		};
		A1B2C3D4D0000001 = {
			isa = PBXGroup;
			children = (
				A1B2C3D4D0000002 /* BoxBox */,
				A1B2C3D4D0000003 /* Products */,
				A1B2C3D4D000000D /* Frameworks */,
				3195B2B5B9F05AC175633112 /* BoxBoxWidget */,
			);
			sourceTree = "<group>";
		};
		A1B2C3D4D0000002 /* BoxBox */ = {
			isa = PBXGroup;
			children = (
				A1B2C3D400000001 /* BoxBoxApp.swift */,
				A1B2C3D400000002 /* ContentView.swift */,
				A1B2C3D400000036 /* DesignSystem.swift */,
				A1B2C3D400000003 /* Assets.xcassets */,
				A1B2C3D400000014 /* Info.plist */,
				A1B2C3D4D0000004 /* Models */,
				A1B2C3D4D0000005 /* Services */,
				A1B2C3D4D0000006 /* ViewModels */,
				A1B2C3D4D0000007 /* Views */,
			);
			path = BoxBox;
			sourceTree = "<group>";
		};
		A1B2C3D4D0000003 /* Products */ = {
			isa = PBXGroup;
			children = (
				A1B2C3D4F0000001 /* BoxBox.app */,
				CDF38FFC44E0E85C42316A44 /* BoxBoxWidgetExtension.appex */,
			);
			name = Products;
			sourceTree = "<group>";
		};
		A1B2C3D4D0000004 /* Models */ = {
			isa = PBXGroup;
			children = (
				A1B2C3D400000004 /* Constructor.swift */,
				A1B2C3D400000005 /* Driver.swift */,
				A1B2C3D400000006 /* Prediction.swift */,
				A1B2C3D400000007 /* Race.swift */,
			);
			path = Models;
			sourceTree = "<group>";
		};
		A1B2C3D4D0000005 /* Services */ = {
			isa = PBXGroup;
			children = (
				A1B2C3D400000008 /* AIService.swift */,
				A1B2C3D400000009 /* OpenF1Service.swift */,
				1508E70DA0E9B06DAE605897 /* StoreKitManager.swift */,
			);
			path = Services;
			sourceTree = "<group>";
		};
		A1B2C3D4D0000006 /* ViewModels */ = {
			isa = PBXGroup;
			children = (
				A1B2C3D40000000A /* DriversViewModel.swift */,
				A1B2C3D400000033 /* DriverDetailViewModel.swift */,
				A1B2C3D40000000B /* HomeViewModel.swift */,
				A1B2C3D40000000C /* PredictViewModel.swift */,
				A1B2C3D40000000D /* ScheduleViewModel.swift */,
				A1B2C3D400000034 /* RaceDetailViewModel.swift */,
				A1B2C3D40000000E /* StandingsViewModel.swift */,
				A1B2C3D400000035 /* DriverStandingDetailViewModel.swift */,
				76CEFBDE356549A61B42D5C6 /* TeamDetailViewModel.swift */,
			);
			path = ViewModels;
			sourceTree = "<group>";
		};
		A1B2C3D4D0000007 /* Views */ = {
			isa = PBXGroup;
			children = (
				A1B2C3D4D0000008 /* Drivers */,
				A1B2C3D4D0000009 /* Home */,
				A1B2C3D4D000000A /* Predict */,
				A1B2C3D4D000000B /* Schedule */,
				A1B2C3D4D000000C /* Standings */,
			);
			path = Views;
			sourceTree = "<group>";
		};
		A1B2C3D4D0000008 /* Drivers */ = {
			isa = PBXGroup;
			children = (
				A1B2C3D40000000F /* DriversView.swift */,
				A1B2C3D400000030 /* DriverDetailView.swift */,
				3AFBC482F2D7707CFADD5A2C /* TeamDetailView.swift */,
			);
			path = Drivers;
			sourceTree = "<group>";
		};
		A1B2C3D4D0000009 /* Home */ = {
			isa = PBXGroup;
			children = (
				A1B2C3D400000010 /* HomeView.swift */,
			);
			path = Home;
			sourceTree = "<group>";
		};
		A1B2C3D4D000000A /* Predict */ = {
			isa = PBXGroup;
			children = (
				A1B2C3D400000011 /* PredictView.swift */,
				93F95989627549CD3CC318DB /* PaywallView.swift */,
			);
			path = Predict;
			sourceTree = "<group>";
		};
		A1B2C3D4D000000B /* Schedule */ = {
			isa = PBXGroup;
			children = (
				A1B2C3D400000012 /* ScheduleView.swift */,
				A1B2C3D400000031 /* RaceDetailView.swift */,
			);
			path = Schedule;
			sourceTree = "<group>";
		};
		A1B2C3D4D000000C /* Standings */ = {
			isa = PBXGroup;
			children = (
				A1B2C3D400000013 /* StandingsView.swift */,
				A1B2C3D400000032 /* DriverStandingDetailView.swift */,
			);
			path = Standings;
			sourceTree = "<group>";
		};
		A1B2C3D4D000000D /* Frameworks */ = {
			isa = PBXGroup;
			children = (
				A1B2C3D400000020 /* SwiftData.framework */,
				29F110A43D226ECFE9468ED1 /* iOS */,
			);
			name = Frameworks;
			sourceTree = "<group>";
		};
/* End PBXGroup section */

/* Begin PBXNativeTarget section */
		9270B742AF946322FF62C8AB /* BoxBoxWidgetExtension */ = {
			isa = PBXNativeTarget;
			buildConfigurationList = C130025A4C63803168AAD31E /* Build configuration list for PBXNativeTarget "BoxBoxWidgetExtension" */;
			buildPhases = (
				C840C6F647E2D931CEB958D4 /* Sources */,
				6820BAA58FD18A490FDC24BD /* Frameworks */,
				172BBCB7BA5521FF33462151 /* Resources */,
			);
			buildRules = (
			);
			dependencies = (
			);
			name = BoxBoxWidgetExtension;
			productName = BoxBoxWidgetExtension;
			productReference = CDF38FFC44E0E85C42316A44 /* BoxBoxWidgetExtension.appex */;
			productType = "com.apple.product-type.app-extension";
		};
		A1B2C3D4C0000001 /* BoxBox */ = {
			isa = PBXNativeTarget;
			buildConfigurationList = A1B2C3D4B0000003 /* Build configuration list for PBXNativeTarget "BoxBox" */;
			buildPhases = (
				A1B2C3D4E0000002 /* Sources */,
				A1B2C3D4E0000001 /* Frameworks */,
				A1B2C3D4E0000003 /* Resources */,
				68E2D6280F4C9A17D9BF5324 /* Embed App Extensions */,
			);
			buildRules = (
			);
			dependencies = (
				E9C43E2CCA94CFB50F15FE1C /* PBXTargetDependency */,
			);
			name = BoxBox;
			productName = BoxBox;
			productReference = A1B2C3D4F0000001 /* BoxBox.app */;
			productType = "com.apple.product-type.application";
		};
/* End PBXNativeTarget section */

/* Begin PBXProject section */
		A1B2C3D4A0000001 /* Project object */ = {
			isa = PBXProject;
			attributes = {
				BuildIndependentTargetsInParallel = 1;
				LastSwiftUpdateCheck = 1600;
				LastUpgradeCheck = 2620;
				TargetAttributes = {
					A1B2C3D4C0000001 = {
						CreatedOnToolsVersion = 16.0;
					};
				};
			};
			buildConfigurationList = A1B2C3D4B0000001 /* Build configuration list for PBXProject "BoxBox" */;
			compatibilityVersion = "Xcode 14.0";
			developmentRegion = en;
			hasScannedForEncodings = 0;
			knownRegions = (
				en,
				Base,
			);
			mainGroup = A1B2C3D4D0000001;
			productRefGroup = A1B2C3D4D0000003 /* Products */;
			projectDirPath = "";
			projectRoot = "";
			targets = (
				A1B2C3D4C0000001 /* BoxBox */,
				9270B742AF946322FF62C8AB /* BoxBoxWidgetExtension */,
			);
		};
/* End PBXProject section */

/* Begin PBXResourcesBuildPhase section */
		172BBCB7BA5521FF33462151 /* Resources */ = {
			isa = PBXResourcesBuildPhase;
			buildActionMask = 2147483647;
			files = (
			);
			runOnlyForDeploymentPostprocessing = 0;
		};
		A1B2C3D4E0000003 /* Resources */ = {
			isa = PBXResourcesBuildPhase;
			buildActionMask = 2147483647;
			files = (
				A1B2C3D401000003 /* Assets.xcassets in Resources */,
			);
			runOnlyForDeploymentPostprocessing = 0;
		};
/* End PBXResourcesBuildPhase section */

/* Begin PBXSourcesBuildPhase section */
		A1B2C3D4E0000002 /* Sources */ = {
			isa = PBXSourcesBuildPhase;
			buildActionMask = 2147483647;
			files = (
				A1B2C3D401000001 /* BoxBoxApp.swift in Sources */,
				A1B2C3D401000002 /* ContentView.swift in Sources */,
				A1B2C3D401000004 /* Constructor.swift in Sources */,
				A1B2C3D401000005 /* Driver.swift in Sources */,
				A1B2C3D401000006 /* Prediction.swift in Sources */,
				A1B2C3D401000007 /* Race.swift in Sources */,
				A1B2C3D401000008 /* AIService.swift in Sources */,
				A1B2C3D401000009 /* OpenF1Service.swift in Sources */,
				A1B2C3D40100000A /* DriversViewModel.swift in Sources */,
				A1B2C3D40100000B /* HomeViewModel.swift in Sources */,
				A1B2C3D40100000C /* PredictViewModel.swift in Sources */,
				A1B2C3D40100000D /* ScheduleViewModel.swift in Sources */,
				A1B2C3D40100000E /* StandingsViewModel.swift in Sources */,
				A1B2C3D40100000F /* DriversView.swift in Sources */,
				A1B2C3D401000010 /* HomeView.swift in Sources */,
				A1B2C3D401000011 /* PredictView.swift in Sources */,
				A1B2C3D401000012 /* ScheduleView.swift in Sources */,
				A1B2C3D401000013 /* StandingsView.swift in Sources */,
				A1B2C3D401000030 /* DriverDetailView.swift in Sources */,
				A1B2C3D401000031 /* RaceDetailView.swift in Sources */,
				A1B2C3D401000032 /* DriverStandingDetailView.swift in Sources */,
				A1B2C3D401000033 /* DriverDetailViewModel.swift in Sources */,
				A1B2C3D401000034 /* RaceDetailViewModel.swift in Sources */,
				A1B2C3D401000035 /* DriverStandingDetailViewModel.swift in Sources */,
				BD6DAA42D662BA4ED3BE7B65 /* TeamDetailViewModel.swift in Sources */,
				33BDE43328D166E2BB0A38EC /* TeamDetailView.swift in Sources */,
				21E567374285DF152843CA89 /* StoreKitManager.swift in Sources */,
				8979B858BFC10EA711997E01 /* PaywallView.swift in Sources */,
				A1B2C3D401000036 /* DesignSystem.swift in Sources */,
			);
			runOnlyForDeploymentPostprocessing = 0;
		};
		C840C6F647E2D931CEB958D4 /* Sources */ = {
			isa = PBXSourcesBuildPhase;
			buildActionMask = 2147483647;
			files = (
				7A1DD61A45033D49067CA3E3 /* BoxBoxWidgetBundle.swift in Sources */,
				F7598994CDA8645D57B9E7E7 /* NextRaceWidget.swift in Sources */,
				99E2F004A02B90ED1CD25438 /* StandingsWidget.swift in Sources */,
			);
			runOnlyForDeploymentPostprocessing = 0;
		};
/* End PBXSourcesBuildPhase section */

/* Begin PBXTargetDependency section */
		E9C43E2CCA94CFB50F15FE1C /* PBXTargetDependency */ = {
			isa = PBXTargetDependency;
			name = BoxBoxWidgetExtension;
			target = 9270B742AF946322FF62C8AB /* BoxBoxWidgetExtension */;
			targetProxy = 5BC77C0A08A76425F91EEB19 /* PBXContainerItemProxy */;
		};
/* End PBXTargetDependency section */

/* Begin XCBuildConfiguration section */
		66D43BB1A19CE602737F16DA /* Debug */ = {
			isa = XCBuildConfiguration;
			buildSettings = {
				CLANG_ENABLE_OBJC_WEAK = NO;
				CODE_SIGN_STYLE = Automatic;
				CURRENT_PROJECT_VERSION = 1;
				GENERATE_INFOPLIST_FILE = YES;
				INFOPLIST_FILE = BoxBoxWidget/Info.plist;
				IPHONEOS_DEPLOYMENT_TARGET = 17.0;
				LD_RUNPATH_SEARCH_PATHS = (
					"$(inherited)",
					"@executable_path/Frameworks",
					"@executable_path/../../Frameworks",
				);
				MARKETING_VERSION = 1.0;
				PRODUCT_BUNDLE_IDENTIFIER = com.boxbox.app.widget;
				PRODUCT_NAME = BoxBoxWidgetExtension;
				SDKROOT = iphoneos;
				SKIP_INSTALL = YES;
				SWIFT_VERSION = 5.9;
				TARGETED_DEVICE_FAMILY = "1,2";
				WRAPPER_EXTENSION = appex;
			};
			name = Debug;
		};
		88ADC30F376C7EAAD48FBA2C /* Release */ = {
			isa = XCBuildConfiguration;
			buildSettings = {
				CLANG_ENABLE_OBJC_WEAK = NO;
				CODE_SIGN_STYLE = Automatic;
				CURRENT_PROJECT_VERSION = 1;
				GENERATE_INFOPLIST_FILE = YES;
				INFOPLIST_FILE = BoxBoxWidget/Info.plist;
				IPHONEOS_DEPLOYMENT_TARGET = 17.0;
				LD_RUNPATH_SEARCH_PATHS = (
					"$(inherited)",
					"@executable_path/Frameworks",
					"@executable_path/../../Frameworks",
				);
				MARKETING_VERSION = 1.0;
				PRODUCT_BUNDLE_IDENTIFIER = com.boxbox.app.widget;
				PRODUCT_NAME = BoxBoxWidgetExtension;
				SDKROOT = iphoneos;
				SKIP_INSTALL = YES;
				SWIFT_VERSION = 5.9;
				TARGETED_DEVICE_FAMILY = "1,2";
				VALIDATE_PRODUCT = YES;
				WRAPPER_EXTENSION = appex;
			};
			name = Release;
		};
		A1B2C3D4B1000001 /* Debug */ = {
			isa = XCBuildConfiguration;
			buildSettings = {
				ALWAYS_SEARCH_USER_PATHS = NO;
				ASSETCATALOG_COMPILER_GENERATE_SWIFT_ASSET_SYMBOL_EXTENSIONS = YES;
				CLANG_ANALYZER_NONNULL = YES;
				CLANG_ANALYZER_NUMBER_OBJECT_CONVERSION = YES_AGGRESSIVE;
				CLANG_CXX_LANGUAGE_STANDARD = "gnu++20";
				CLANG_ENABLE_MODULES = YES;
				CLANG_ENABLE_OBJC_ARC = YES;
				CLANG_ENABLE_OBJC_WEAK = YES;
				CLANG_WARN_BLOCK_CAPTURE_AUTORELEASING = YES;
				CLANG_WARN_BOOL_CONVERSION = YES;
				CLANG_WARN_COMMA = YES;
				CLANG_WARN_CONSTANT_CONVERSION = YES;
				CLANG_WARN_DEPRECATED_OBJC_IMPLEMENTATIONS = YES;
				CLANG_WARN_DIRECT_OBJC_ISA_USAGE = YES_ERROR;
				CLANG_WARN_DOCUMENTATION_COMMENTS = YES;
				CLANG_WARN_EMPTY_BODY = YES;
				CLANG_WARN_ENUM_CONVERSION = YES;
				CLANG_WARN_INFINITE_RECURSION = YES;
				CLANG_WARN_INT_CONVERSION = YES;
				CLANG_WARN_NON_LITERAL_NULL_CONVERSION = YES;
				CLANG_WARN_OBJC_IMPLICIT_RETAIN_SELF = YES;
				CLANG_WARN_OBJC_LITERAL_CONVERSION = YES;
				CLANG_WARN_OBJC_ROOT_CLASS = YES_ERROR;
				CLANG_WARN_QUOTED_INCLUDE_IN_FRAMEWORK_HEADER = YES;
				CLANG_WARN_RANGE_LOOP_ANALYSIS = YES;
				CLANG_WARN_STRICT_PROTOTYPES = YES;
				CLANG_WARN_SUSPICIOUS_MOVE = YES;
				CLANG_WARN_UNGUARDED_AVAILABILITY = YES_AGGRESSIVE;
				CLANG_WARN_UNREACHABLE_CODE = YES;
				CLANG_WARN__DUPLICATE_METHOD_MATCH = YES;
				COPY_PHASE_STRIP = NO;
				DEBUG_INFORMATION_FORMAT = dwarf;
				ENABLE_STRICT_OBJC_MSGSEND = YES;
				ENABLE_TESTABILITY = YES;
				ENABLE_USER_SCRIPT_SANDBOXING = YES;
				GCC_C_LANGUAGE_STANDARD = gnu17;
				GCC_DYNAMIC_NO_PIC = NO;
				GCC_NO_COMMON_BLOCKS = YES;
				GCC_OPTIMIZATION_LEVEL = 0;
				GCC_PREPROCESSOR_DEFINITIONS = (
					"DEBUG=1",
					"$(inherited)",
				);
				GCC_WARN_64_TO_32_BIT_CONVERSION = YES;
				GCC_WARN_ABOUT_RETURN_TYPE = YES_ERROR;
				GCC_WARN_UNDECLARED_SELECTOR = YES;
				GCC_WARN_UNINITIALIZED_AUTOS = YES_AGGRESSIVE;
				GCC_WARN_UNUSED_FUNCTION = YES;
				GCC_WARN_UNUSED_VARIABLE = YES;
				IPHONEOS_DEPLOYMENT_TARGET = 17.0;
				LOCALIZATION_PREFERS_STRING_CATALOGS = YES;
				MTL_ENABLE_DEBUG_INFO = INCLUDE_SOURCE;
				MTL_FAST_MATH = YES;
				ONLY_ACTIVE_ARCH = YES;
				SDKROOT = iphoneos;
				STRING_CATALOG_GENERATE_SYMBOLS = YES;
				SWIFT_ACTIVE_COMPILATION_CONDITIONS = "DEBUG $(inherited)";
				SWIFT_OPTIMIZATION_LEVEL = "-Onone";
				SWIFT_VERSION = 5.0;
			};
			name = Debug;
		};
		A1B2C3D4B1000002 /* Release */ = {
			isa = XCBuildConfiguration;
			buildSettings = {
				ALWAYS_SEARCH_USER_PATHS = NO;
				ASSETCATALOG_COMPILER_GENERATE_SWIFT_ASSET_SYMBOL_EXTENSIONS = YES;
				CLANG_ANALYZER_NONNULL = YES;
				CLANG_ANALYZER_NUMBER_OBJECT_CONVERSION = YES_AGGRESSIVE;
				CLANG_CXX_LANGUAGE_STANDARD = "gnu++20";
				CLANG_ENABLE_MODULES = YES;
				CLANG_ENABLE_OBJC_ARC = YES;
				CLANG_ENABLE_OBJC_WEAK = YES;
				CLANG_WARN_BLOCK_CAPTURE_AUTORELEASING = YES;
				CLANG_WARN_BOOL_CONVERSION = YES;
				CLANG_WARN_COMMA = YES;
				CLANG_WARN_CONSTANT_CONVERSION = YES;
				CLANG_WARN_DEPRECATED_OBJC_IMPLEMENTATIONS = YES;
				CLANG_WARN_DIRECT_OBJC_ISA_USAGE = YES_ERROR;
				CLANG_WARN_DOCUMENTATION_COMMENTS = YES;
				CLANG_WARN_EMPTY_BODY = YES;
				CLANG_WARN_ENUM_CONVERSION = YES;
				CLANG_WARN_INFINITE_RECURSION = YES;
				CLANG_WARN_INT_CONVERSION = YES;
				CLANG_WARN_NON_LITERAL_NULL_CONVERSION = YES;
				CLANG_WARN_OBJC_IMPLICIT_RETAIN_SELF = YES;
				CLANG_WARN_OBJC_LITERAL_CONVERSION = YES;
				CLANG_WARN_OBJC_ROOT_CLASS = YES_ERROR;
				CLANG_WARN_QUOTED_INCLUDE_IN_FRAMEWORK_HEADER = YES;
				CLANG_WARN_RANGE_LOOP_ANALYSIS = YES;
				CLANG_WARN_STRICT_PROTOTYPES = YES;
				CLANG_WARN_SUSPICIOUS_MOVE = YES;
				CLANG_WARN_UNGUARDED_AVAILABILITY = YES_AGGRESSIVE;
				CLANG_WARN_UNREACHABLE_CODE = YES;
				CLANG_WARN__DUPLICATE_METHOD_MATCH = YES;
				COPY_PHASE_STRIP = NO;
				DEBUG_INFORMATION_FORMAT = "dwarf-with-dsym";
				ENABLE_NS_ASSERTIONS = NO;
				ENABLE_STRICT_OBJC_MSGSEND = YES;
				ENABLE_USER_SCRIPT_SANDBOXING = YES;
				GCC_C_LANGUAGE_STANDARD = gnu17;
				GCC_NO_COMMON_BLOCKS = YES;
				GCC_WARN_64_TO_32_BIT_CONVERSION = YES;
				GCC_WARN_ABOUT_RETURN_TYPE = YES_ERROR;
				GCC_WARN_UNDECLARED_SELECTOR = YES;
				GCC_WARN_UNINITIALIZED_AUTOS = YES_AGGRESSIVE;
				GCC_WARN_UNUSED_FUNCTION = YES;
				GCC_WARN_UNUSED_VARIABLE = YES;
				IPHONEOS_DEPLOYMENT_TARGET = 17.0;
				LOCALIZATION_PREFERS_STRING_CATALOGS = YES;
				MTL_ENABLE_DEBUG_INFO = NO;
				MTL_FAST_MATH = YES;
				SDKROOT = iphoneos;
				STRING_CATALOG_GENERATE_SYMBOLS = YES;
				SWIFT_COMPILATION_MODE = wholemodule;
				SWIFT_VERSION = 5.0;
				VALIDATE_PRODUCT = YES;
			};
			name = Release;
		};
		A1B2C3D4B1000003 /* Debug */ = {
			isa = XCBuildConfiguration;
			buildSettings = {
				ASSETCATALOG_COMPILER_APPICON_NAME = AppIcon;
				ASSETCATALOG_COMPILER_GLOBAL_ACCENT_COLOR_NAME = AccentColor;
				CODE_SIGN_STYLE = Automatic;
				CURRENT_PROJECT_VERSION = 1;
				DEVELOPMENT_ASSET_PATHS = "";
				ENABLE_PREVIEWS = YES;
				GENERATE_INFOPLIST_FILE = YES;
				INFOPLIST_FILE = BoxBox/Info.plist;
				INFOPLIST_KEY_UIApplicationSceneManifest_Generation = YES;
				INFOPLIST_KEY_UIApplicationSupportsIndirectInputEvents = YES;
				INFOPLIST_KEY_UILaunchScreen_Generation = YES;
				INFOPLIST_KEY_UISupportedInterfaceOrientations_iPad = "UIInterfaceOrientationPortrait UIInterfaceOrientationPortraitUpsideDown UIInterfaceOrientationLandscapeLeft UIInterfaceOrientationLandscapeRight";
				INFOPLIST_KEY_UISupportedInterfaceOrientations_iPhone = "UIInterfaceOrientationPortrait UIInterfaceOrientationLandscapeLeft UIInterfaceOrientationLandscapeRight";
				IPHONEOS_DEPLOYMENT_TARGET = 26.0;
				LD_RUNPATH_SEARCH_PATHS = (
					"$(inherited)",
					"@executable_path/Frameworks",
				);
				MARKETING_VERSION = 1.0;
				PRODUCT_BUNDLE_IDENTIFIER = com.bottana.boxbox;
				PRODUCT_NAME = "$(TARGET_NAME)";
				SWIFT_EMIT_LOC_STRINGS = YES;
				SWIFT_VERSION = 5.0;
				TARGETED_DEVICE_FAMILY = "1,2";
			};
			name = Debug;
		};
		A1B2C3D4B1000004 /* Release */ = {
			isa = XCBuildConfiguration;
			buildSettings = {
				ASSETCATALOG_COMPILER_APPICON_NAME = AppIcon;
				ASSETCATALOG_COMPILER_GLOBAL_ACCENT_COLOR_NAME = AccentColor;
				CODE_SIGN_STYLE = Automatic;
				CURRENT_PROJECT_VERSION = 1;
				DEVELOPMENT_ASSET_PATHS = "";
				ENABLE_PREVIEWS = YES;
				GENERATE_INFOPLIST_FILE = YES;
				INFOPLIST_FILE = BoxBox/Info.plist;
				INFOPLIST_KEY_UIApplicationSceneManifest_Generation = YES;
				INFOPLIST_KEY_UIApplicationSupportsIndirectInputEvents = YES;
				INFOPLIST_KEY_UILaunchScreen_Generation = YES;
				INFOPLIST_KEY_UISupportedInterfaceOrientations_iPad = "UIInterfaceOrientationPortrait UIInterfaceOrientationPortraitUpsideDown UIInterfaceOrientationLandscapeLeft UIInterfaceOrientationLandscapeRight";
				INFOPLIST_KEY_UISupportedInterfaceOrientations_iPhone = "UIInterfaceOrientationPortrait UIInterfaceOrientationLandscapeLeft UIInterfaceOrientationLandscapeRight";
				IPHONEOS_DEPLOYMENT_TARGET = 26.0;
				LD_RUNPATH_SEARCH_PATHS = (
					"$(inherited)",
					"@executable_path/Frameworks",
				);
				MARKETING_VERSION = 1.0;
				PRODUCT_BUNDLE_IDENTIFIER = com.bottana.boxbox;
				PRODUCT_NAME = "$(TARGET_NAME)";
				SWIFT_EMIT_LOC_STRINGS = YES;
				SWIFT_VERSION = 5.0;
				TARGETED_DEVICE_FAMILY = "1,2";
			};
			name = Release;
		};
/* End XCBuildConfiguration section */

/* Begin XCConfigurationList section */
		A1B2C3D4B0000001 /* Build configuration list for PBXProject "BoxBox" */ = {
			isa = XCConfigurationList;
			buildConfigurations = (
				A1B2C3D4B1000001 /* Debug */,
				A1B2C3D4B1000002 /* Release */,
			);
			defaultConfigurationIsVisible = 0;
			defaultConfigurationName = Release;
		};
		A1B2C3D4B0000003 /* Build configuration list for PBXNativeTarget "BoxBox" */ = {
			isa = XCConfigurationList;
			buildConfigurations = (
				A1B2C3D4B1000003 /* Debug */,
				A1B2C3D4B1000004 /* Release */,
			);
			defaultConfigurationIsVisible = 0;
			defaultConfigurationName = Release;
		};
		C130025A4C63803168AAD31E /* Build configuration list for PBXNativeTarget "BoxBoxWidgetExtension" */ = {
			isa = XCConfigurationList;
			buildConfigurations = (
				88ADC30F376C7EAAD48FBA2C /* Release */,
				66D43BB1A19CE602737F16DA /* Debug */,
			);
			defaultConfigurationIsVisible = 0;
			defaultConfigurationName = Release;
		};
/* End XCConfigurationList section */
	};
	rootObject = A1B2C3D4A0000001 /* Project object */;
}
